
Microsoft Visual Studio Solution File, Format Version 12.00
# Visual Studio Version 17
VisualStudioVersion = 17.9.34616.47
MinimumVisualStudioVersion = 10.0.40219.1
Project("{FAE04EC0-301F-11D3-BF4B-00C04F79EFBC}") = "CLDV_POE_PART2_V1", "CLDV_POE_PART2_V1.csproj", "{DDFFA537-0DAB-4C1B-8945-17DDF2240960}"
EndProject
Global
	GlobalSection(SolutionConfigurationPlatforms) = preSolution
		Debug|Any CPU = Debug|Any CPU
		Release|Any CPU = Release|Any CPU
	EndGlobalSection
	GlobalSection(ProjectConfigurationPlatforms) = postSolution
		{DDFFA537-0DAB-4C1B-8945-17DDF2240960}.Debug|Any CPU.ActiveCfg = Debug|Any CPU
		{DDFFA537-0DAB-4C1B-8945-17DDF2240960}.Debug|Any CPU.Build.0 = Debug|Any CPU
		{DDFFA537-0DAB-4C1B-8945-17DDF2240960}.Release|Any CPU.ActiveCfg = Release|Any CPU
		{DDFFA537-0DAB-4C1B-8945-17DDF2240960}.Release|Any CPU.Build.0 = Release|Any CPU
	EndGlobalSection
	GlobalSection(SolutionProperties) = preSolution
		HideSolutionNode = FALSE
	EndGlobalSection
	GlobalSection(ExtensibilityGlobals) = postSolution
		SolutionGuid = {E5F34DAF-938E-405D-8CD3-8CFCFCE569ED}
	EndGlobalSection
EndGlobal
